Microsoft Visual Studio Solution File, Format Version 12.00
# Visual Studio Version 17
VisualStudioVersion = 17.5.2.0
MinimumVisualStudioVersion = 10.0.40219.1
Project("{FAE04EC0-301F-11D3-BF4B-00C04F79EFBC}") = "OperationFirstStrike", "OperationFirstStrike.csproj", "{76BD5D95-688E-2A49-4287-58C5C2E0CD13}"
EndProject
Global
	GlobalSection(SolutionConfigurationPlatforms) = preSolution
		Debug|Any CPU = Debug|Any CPU
		Release|Any CPU = Release|Any CPU
	EndGlobalSection
	GlobalSection(ProjectConfigurationPlatforms) = postSolution
		{76BD5D95-688E-2A49-4287-58C5C2E0CD13}.Debug|Any CPU.ActiveCfg = Debug|Any CPU
		{76BD5D95-688E-2A49-4287-58C5C2E0CD13}.Debug|Any CPU.Build.0 = Debug|Any CPU
		{76BD5D95-688E-2A49-4287-58C5C2E0CD13}.Release|Any CPU.ActiveCfg = Release|Any CPU
		{76BD5D95-688E-2A49-4287-58C5C2E0CD13}.Release|Any CPU.Build.0 = Release|Any CPU
	EndGlobalSection
	GlobalSection(SolutionProperties) = preSolution
		HideSolutionNode = FALSE
	EndGlobalSection
	GlobalSection(ExtensibilityGlobals) = postSolution
		SolutionGuid = {7738DF52-E22F-4E1A-844C-5937F1C1D50C}
	EndGlobalSection
EndGlobal
